
Microsoft Visual Studio Solution File, Format Version 12.00
# Visual Studio Version 17
VisualStudioVersion = 17.9.34616.47
MinimumVisualStudioVersion = 10.0.40219.1
Project("{FAE04EC0-301F-11D3-BF4B-00C04F79EFBC}") = "APIMinima", "APIMinima\APIMinima.csproj", "{45C9AF00-E887-4FEC-B64D-D109C0B591DF}"
EndProject
Global
	GlobalSection(SolutionConfigurationPlatforms) = preSolution
		Debug|Any CPU = Debug|Any CPU
		Release|Any CPU = Release|Any CPU
	EndGlobalSection
	GlobalSection(ProjectConfigurationPlatforms) = postSolution
		{45C9AF00-E887-4FEC-B64D-D109C0B591DF}.Debug|Any CPU.ActiveCfg = Debug|Any CPU
		{45C9AF00-E887-4FEC-B64D-D109C0B591DF}.Debug|Any CPU.Build.0 = Debug|Any CPU
		{45C9AF00-E887-4FEC-B64D-D109C0B591DF}.Release|Any CPU.ActiveCfg = Release|Any CPU
		{45C9AF00-E887-4FEC-B64D-D109C0B591DF}.Release|Any CPU.Build.0 = Release|Any CPU
	EndGlobalSection
	GlobalSection(SolutionProperties) = preSolution
		HideSolutionNode = FALSE
	EndGlobalSection
	GlobalSection(ExtensibilityGlobals) = postSolution
		SolutionGuid = {A6174F0F-7AAE-420D-85C1-8AC9A1625CD9}
	EndGlobalSection
EndGlobal
